<?xml version="1.0" encoding="utf-8"?>
<Project ToolsVersion="17.0" xmlns="http://schemas.microsoft.com/developer/msbuild/2003">
  <ItemGroup>
    <ClCompile Include="C:\Users\Meu PC\Desktop\estudos\GTEL\cpp-exercises-master\exercise03\main.cpp">
      <Filter>Source Files</Filter>
    </ClCompile>
  </ItemGroup>
  <ItemGroup>
    <CustomBuild Include="C:\Users\Meu PC\Desktop\estudos\GTEL\cpp-exercises-master\exercise03\CMakeLists.txt" />
  </ItemGroup>
  <ItemGroup>
    <Filter Include="Source Files">
      <UniqueIdentifier>{0574A932-9A1C-3E7F-9FDC-F635A5713DC2}</UniqueIdentifier>
    </Filter>
  </ItemGroup>
</Project>
