
Microsoft Visual Studio Solution File, Format Version 12.00
# Visual Studio Version 17
Project("{8BC9CEB8-8B4A-11D0-8D11-00A0C91BC942}") = "ALL_BUILD", "ALL_BUILD.vcxproj", "{538400D6-6D34-330C-AD6D-C791DAB5D6A4}"
	ProjectSection(ProjectDependencies) = postProject
		{3AFCC90E-7C7B-3000-8BD0-C8CAD916CE44} = {3AFCC90E-7C7B-3000-8BD0-C8CAD916CE44}
		{EE0BE168-6C65-3BDF-8090-C75A90374755} = {EE0BE168-6C65-3BDF-8090-C75A90374755}
	EndProjectSection
EndProject
Project("{8BC9CEB8-8B4A-11D0-8D11-00A0C91BC942}") = "ZERO_CHECK", "ZERO_CHECK.vcxproj", "{3AFCC90E-7C7B-3000-8BD0-C8CAD916CE44}"
	ProjectSection(ProjectDependencies) = postProject
	EndProjectSection
EndProject
Project("{8BC9CEB8-8B4A-11D0-8D11-00A0C91BC942}") = "main", "main.vcxproj", "{EE0BE168-6C65-3BDF-8090-C75A90374755}"
	ProjectSection(ProjectDependencies) = postProject
		{3AFCC90E-7C7B-3000-8BD0-C8CAD916CE44} = {3AFCC90E-7C7B-3000-8BD0-C8CAD916CE44}
	EndProjectSection
EndProject
Global
	GlobalSection(SolutionConfigurationPlatforms) = preSolution
		Debug|x64 = Debug|x64
		Release|x64 = Release|x64
		MinSizeRel|x64 = MinSizeRel|x64
		RelWithDebInfo|x64 = RelWithDebInfo|x64
	EndGlobalSection
	GlobalSection(ProjectConfigurationPlatforms) = postSolution
		{538400D6-6D34-330C-AD6D-C791DAB5D6A4}.Debug|x64.ActiveCfg = Debug|x64
		{538400D6-6D34-330C-AD6D-C791DAB5D6A4}.Release|x64.ActiveCfg = Release|x64
		{538400D6-6D34-330C-AD6D-C791DAB5D6A4}.MinSizeRel|x64.ActiveCfg = MinSizeRel|x64
		{538400D6-6D34-330C-AD6D-C791DAB5D6A4}.RelWithDebInfo|x64.ActiveCfg = RelWithDebInfo|x64
		{3AFCC90E-7C7B-3000-8BD0-C8CAD916CE44}.Debug|x64.ActiveCfg = Debug|x64
		{3AFCC90E-7C7B-3000-8BD0-C8CAD916CE44}.Debug|x64.Build.0 = Debug|x64
		{3AFCC90E-7C7B-3000-8BD0-C8CAD916CE44}.Release|x64.ActiveCfg = Release|x64
		{3AFCC90E-7C7B-3000-8BD0-C8CAD916CE44}.Release|x64.Build.0 = Release|x64
		{3AFCC90E-7C7B-3000-8BD0-C8CAD916CE44}.MinSizeRel|x64.ActiveCfg = MinSizeRel|x64
		{3AFCC90E-7C7B-3000-8BD0-C8CAD916CE44}.MinSizeRel|x64.Build.0 = MinSizeRel|x64
		{3AFCC90E-7C7B-3000-8BD0-C8CAD916CE44}.RelWithDebInfo|x64.ActiveCfg = RelWithDebInfo|x64
		{3AFCC90E-7C7B-3000-8BD0-C8CAD916CE44}.RelWithDebInfo|x64.Build.0 = RelWithDebInfo|x64
		{EE0BE168-6C65-3BDF-8090-C75A90374755}.Debug|x64.ActiveCfg = Debug|x64
		{EE0BE168-6C65-3BDF-8090-C75A90374755}.Debug|x64.Build.0 = Debug|x64
		{EE0BE168-6C65-3BDF-8090-C75A90374755}.Release|x64.ActiveCfg = Release|x64
		{EE0BE168-6C65-3BDF-8090-C75A90374755}.Release|x64.Build.0 = Release|x64
		{EE0BE168-6C65-3BDF-8090-C75A90374755}.MinSizeRel|x64.ActiveCfg = MinSizeRel|x64
		{EE0BE168-6C65-3BDF-8090-C75A90374755}.MinSizeRel|x64.Build.0 = MinSizeRel|x64
		{EE0BE168-6C65-3BDF-8090-C75A90374755}.RelWithDebInfo|x64.ActiveCfg = RelWithDebInfo|x64
		{EE0BE168-6C65-3BDF-8090-C75A90374755}.RelWithDebInfo|x64.Build.0 = RelWithDebInfo|x64
	EndGlobalSection
	GlobalSection(ExtensibilityGlobals) = postSolution
		SolutionGuid = {D824A061-A38A-3723-9D90-0C389C576124}
	EndGlobalSection
	GlobalSection(ExtensibilityAddIns) = postSolution
	EndGlobalSection
EndGlobal
